
Microsoft Visual Studio Solution File, Format Version 12.00
# Visual Studio 14
VisualStudioVersion = 14.0.25420.1
MinimumVisualStudioVersion = 10.0.40219.1
Project("{FAE04EC0-301F-11D3-BF4B-00C04F79EFBC}") = "RabbitMessageHandler", "CommonReceiver\RabbitMessageHandler.csproj", "{0C5EE16F-D5A9-42E0-8BB6-1878C163BE53}"
EndProject
Project("{FAE04EC0-301F-11D3-BF4B-00C04F79EFBC}") = "EntityLibrary", "EntityLibrary\EntityLibrary.csproj", "{34683474-2229-46CD-8527-C49AE56E2EA1}"
EndProject
Project("{FAE04EC0-301F-11D3-BF4B-00C04F79EFBC}") = "ServerHead2", "ServerHead2\ServerHead2.csproj", "{9AAE939B-0AEF-4D13-B267-0C8C61095BE9}"
EndProject
Project("{FAE04EC0-301F-11D3-BF4B-00C04F79EFBC}") = "ServerHead3", "ServerHead3\ServerHead3.csproj", "{38AA337C-2E52-46D8-A248-588E17D3D95F}"
EndProject
Project("{FAE04EC0-301F-11D3-BF4B-00C04F79EFBC}") = "ServerKhulna", "ServerKhulna\ServerKhulna.csproj", "{5CCA0863-BE75-4B7B-8299-DAA0C411ED62}"
EndProject
Project("{FAE04EC0-301F-11D3-BF4B-00C04F79EFBC}") = "ServerBarisal", "ServerBarisal\ServerBarisal.csproj", "{159DB163-939B-4152-99A2-AE4D557DE6C9}"
EndProject
Project("{2150E333-8FDC-42A3-9474-1A3956D46DE8}") = "LocalHead1", "LocalHead1", "{E4C09F0A-34CB-4BCC-BA9D-477140BCED03}"
EndProject
Project("{2150E333-8FDC-42A3-9474-1A3956D46DE8}") = "DevicesBarisal", "DevicesBarisal", "{F3E05682-D18C-41DA-A4CB-D8B8D3776E25}"
EndProject
Project("{2150E333-8FDC-42A3-9474-1A3956D46DE8}") = "DevicesKhulna", "DevicesKhulna", "{B4A16CB7-8D06-4A0A-A24D-7EE7BB2D5DD0}"
EndProject
Project("{FAE04EC0-301F-11D3-BF4B-00C04F79EFBC}") = "DeviceB1", "DeviceB1\DeviceB1.csproj", "{BBEF78AF-E95E-4A11-8A51-3C94804DDA8D}"
EndProject
Project("{FAE04EC0-301F-11D3-BF4B-00C04F79EFBC}") = "DeviceB2", "DeviceB2\DeviceB2.csproj", "{279FCA45-67AC-4F16-A6E8-0A2E2729A714}"
EndProject
Project("{FAE04EC0-301F-11D3-BF4B-00C04F79EFBC}") = "DeviceK1", "DeviceK1\DeviceK1.csproj", "{0F41BE9C-680C-4634-8568-BA5A518789CA}"
EndProject
Project("{FAE04EC0-301F-11D3-BF4B-00C04F79EFBC}") = "DeviceK2", "DeviceK2\DeviceK2.csproj", "{1C5030CA-3710-40AD-A32D-A7A9785CAE79}"
EndProject
Project("{FAE04EC0-301F-11D3-BF4B-00C04F79EFBC}") = "ServerAWS", "ServerAWS\ServerAWS.csproj", "{78E697B0-823D-40F9-9C1D-2D826CC5B30A}"
EndProject
Project("{FAE04EC0-301F-11D3-BF4B-00C04F79EFBC}") = "ServerHead1", "ServerHead1\ServerHead1.csproj", "{8E199314-7AEE-4359-98F2-FA8A61F31776}"
EndProject
Project("{2150E333-8FDC-42A3-9474-1A3956D46DE8}") = "Lib", "Lib", "{FD35B145-7D2D-42E7-92FF-B6FC0BFA757F}"
	ProjectSection(SolutionItems) = preProject
		Lib\sqlite3.dll = Lib\sqlite3.dll
	EndProjectSection
EndProject
Project("{FAE04EC0-301F-11D3-BF4B-00C04F79EFBC}") = "DeviceK1WithQueue", "DeviceK1WithQueue\DeviceK1WithQueue.csproj", "{F6436AA0-AD94-4E75-9D1D-31C6E374C650}"
EndProject
Project("{FAE04EC0-301F-11D3-BF4B-00C04F79EFBC}") = "DeviceK2WithQueue", "Device3K2WithQueue\DeviceK2WithQueue.csproj", "{1FCA7366-2EB3-49F0-9CDA-F75BE272A85F}"
EndProject
Project("{FAE04EC0-301F-11D3-BF4B-00C04F79EFBC}") = "SqLiteDataDriver", "SqLiteDataDriver\SqLiteDataDriver.csproj", "{AE89ED7A-6850-4293-A0C5-6F90478BF7E9}"
EndProject
Project("{FAE04EC0-301F-11D3-BF4B-00C04F79EFBC}") = "DeviceB1WithQueue", "DeviceB1WithQueue\DeviceB1WithQueue.csproj", "{F7EB0C21-C816-49A9-9673-9C561F112748}"
EndProject
Project("{FAE04EC0-301F-11D3-BF4B-00C04F79EFBC}") = "DeviceB2WithQueue", "DeviceB2WithQueue\DeviceB2WithQueue.csproj", "{783E0401-10AA-4052-B288-69B6895AD3C1}"
EndProject
Project("{FAE04EC0-301F-11D3-BF4B-00C04F79EFBC}") = "DeviceFramework", "DeviceFramework\DeviceFramework.csproj", "{96E545AF-3D33-45D7-B60C-AF65283E3833}"
EndProject
Global
	GlobalSection(SolutionConfigurationPlatforms) = preSolution
		Debug|Any CPU = Debug|Any CPU
		Release|Any CPU = Release|Any CPU
	EndGlobalSection
	GlobalSection(ProjectConfigurationPlatforms) = postSolution
		{0C5EE16F-D5A9-42E0-8BB6-1878C163BE53}.Debug|Any CPU.ActiveCfg = Debug|Any CPU
		{0C5EE16F-D5A9-42E0-8BB6-1878C163BE53}.Debug|Any CPU.Build.0 = Debug|Any CPU
		{0C5EE16F-D5A9-42E0-8BB6-1878C163BE53}.Release|Any CPU.ActiveCfg = Release|Any CPU
		{0C5EE16F-D5A9-42E0-8BB6-1878C163BE53}.Release|Any CPU.Build.0 = Release|Any CPU
		{34683474-2229-46CD-8527-C49AE56E2EA1}.Debug|Any CPU.ActiveCfg = Debug|Any CPU
		{34683474-2229-46CD-8527-C49AE56E2EA1}.Debug|Any CPU.Build.0 = Debug|Any CPU
		{34683474-2229-46CD-8527-C49AE56E2EA1}.Release|Any CPU.ActiveCfg = Release|Any CPU
		{34683474-2229-46CD-8527-C49AE56E2EA1}.Release|Any CPU.Build.0 = Release|Any CPU
		{9AAE939B-0AEF-4D13-B267-0C8C61095BE9}.Debug|Any CPU.ActiveCfg = Debug|Any CPU
		{9AAE939B-0AEF-4D13-B267-0C8C61095BE9}.Debug|Any CPU.Build.0 = Debug|Any CPU
		{9AAE939B-0AEF-4D13-B267-0C8C61095BE9}.Release|Any CPU.ActiveCfg = Release|Any CPU
		{9AAE939B-0AEF-4D13-B267-0C8C61095BE9}.Release|Any CPU.Build.0 = Release|Any CPU
		{38AA337C-2E52-46D8-A248-588E17D3D95F}.Debug|Any CPU.ActiveCfg = Debug|Any CPU
		{38AA337C-2E52-46D8-A248-588E17D3D95F}.Debug|Any CPU.Build.0 = Debug|Any CPU
		{38AA337C-2E52-46D8-A248-588E17D3D95F}.Release|Any CPU.ActiveCfg = Release|Any CPU
		{38AA337C-2E52-46D8-A248-588E17D3D95F}.Release|Any CPU.Build.0 = Release|Any CPU
		{5CCA0863-BE75-4B7B-8299-DAA0C411ED62}.Debug|Any CPU.ActiveCfg = Debug|Any CPU
		{5CCA0863-BE75-4B7B-8299-DAA0C411ED62}.Debug|Any CPU.Build.0 = Debug|Any CPU
		{5CCA0863-BE75-4B7B-8299-DAA0C411ED62}.Release|Any CPU.ActiveCfg = Release|Any CPU
		{5CCA0863-BE75-4B7B-8299-DAA0C411ED62}.Release|Any CPU.Build.0 = Release|Any CPU
		{159DB163-939B-4152-99A2-AE4D557DE6C9}.Debug|Any CPU.ActiveCfg = Debug|Any CPU
		{159DB163-939B-4152-99A2-AE4D557DE6C9}.Debug|Any CPU.Build.0 = Debug|Any CPU
		{159DB163-939B-4152-99A2-AE4D557DE6C9}.Release|Any CPU.ActiveCfg = Release|Any CPU
		{159DB163-939B-4152-99A2-AE4D557DE6C9}.Release|Any CPU.Build.0 = Release|Any CPU
		{BBEF78AF-E95E-4A11-8A51-3C94804DDA8D}.Debug|Any CPU.ActiveCfg = Debug|Any CPU
		{BBEF78AF-E95E-4A11-8A51-3C94804DDA8D}.Debug|Any CPU.Build.0 = Debug|Any CPU
		{BBEF78AF-E95E-4A11-8A51-3C94804DDA8D}.Release|Any CPU.ActiveCfg = Release|Any CPU
		{BBEF78AF-E95E-4A11-8A51-3C94804DDA8D}.Release|Any CPU.Build.0 = Release|Any CPU
		{279FCA45-67AC-4F16-A6E8-0A2E2729A714}.Debug|Any CPU.ActiveCfg = Debug|Any CPU
		{279FCA45-67AC-4F16-A6E8-0A2E2729A714}.Debug|Any CPU.Build.0 = Debug|Any CPU
		{279FCA45-67AC-4F16-A6E8-0A2E2729A714}.Release|Any CPU.ActiveCfg = Release|Any CPU
		{279FCA45-67AC-4F16-A6E8-0A2E2729A714}.Release|Any CPU.Build.0 = Release|Any CPU
		{0F41BE9C-680C-4634-8568-BA5A518789CA}.Debug|Any CPU.ActiveCfg = Debug|Any CPU
		{0F41BE9C-680C-4634-8568-BA5A518789CA}.Debug|Any CPU.Build.0 = Debug|Any CPU
		{0F41BE9C-680C-4634-8568-BA5A518789CA}.Release|Any CPU.ActiveCfg = Release|Any CPU
		{0F41BE9C-680C-4634-8568-BA5A518789CA}.Release|Any CPU.Build.0 = Release|Any CPU
		{1C5030CA-3710-40AD-A32D-A7A9785CAE79}.Debug|Any CPU.ActiveCfg = Debug|Any CPU
		{1C5030CA-3710-40AD-A32D-A7A9785CAE79}.Debug|Any CPU.Build.0 = Debug|Any CPU
		{1C5030CA-3710-40AD-A32D-A7A9785CAE79}.Release|Any CPU.ActiveCfg = Release|Any CPU
		{1C5030CA-3710-40AD-A32D-A7A9785CAE79}.Release|Any CPU.Build.0 = Release|Any CPU
		{78E697B0-823D-40F9-9C1D-2D826CC5B30A}.Debug|Any CPU.ActiveCfg = Debug|Any CPU
		{78E697B0-823D-40F9-9C1D-2D826CC5B30A}.Debug|Any CPU.Build.0 = Debug|Any CPU
		{78E697B0-823D-40F9-9C1D-2D826CC5B30A}.Release|Any CPU.ActiveCfg = Release|Any CPU
		{78E697B0-823D-40F9-9C1D-2D826CC5B30A}.Release|Any CPU.Build.0 = Release|Any CPU
		{8E199314-7AEE-4359-98F2-FA8A61F31776}.Debug|Any CPU.ActiveCfg = Debug|Any CPU
		{8E199314-7AEE-4359-98F2-FA8A61F31776}.Debug|Any CPU.Build.0 = Debug|Any CPU
		{8E199314-7AEE-4359-98F2-FA8A61F31776}.Release|Any CPU.ActiveCfg = Release|Any CPU
		{8E199314-7AEE-4359-98F2-FA8A61F31776}.Release|Any CPU.Build.0 = Release|Any CPU
		{F6436AA0-AD94-4E75-9D1D-31C6E374C650}.Debug|Any CPU.ActiveCfg = Debug|Any CPU
		{F6436AA0-AD94-4E75-9D1D-31C6E374C650}.Debug|Any CPU.Build.0 = Debug|Any CPU
		{F6436AA0-AD94-4E75-9D1D-31C6E374C650}.Release|Any CPU.ActiveCfg = Release|Any CPU
		{F6436AA0-AD94-4E75-9D1D-31C6E374C650}.Release|Any CPU.Build.0 = Release|Any CPU
		{1FCA7366-2EB3-49F0-9CDA-F75BE272A85F}.Debug|Any CPU.ActiveCfg = Debug|Any CPU
		{1FCA7366-2EB3-49F0-9CDA-F75BE272A85F}.Debug|Any CPU.Build.0 = Debug|Any CPU
		{1FCA7366-2EB3-49F0-9CDA-F75BE272A85F}.Release|Any CPU.ActiveCfg = Release|Any CPU
		{1FCA7366-2EB3-49F0-9CDA-F75BE272A85F}.Release|Any CPU.Build.0 = Release|Any CPU
		{AE89ED7A-6850-4293-A0C5-6F90478BF7E9}.Debug|Any CPU.ActiveCfg = Debug|Any CPU
		{AE89ED7A-6850-4293-A0C5-6F90478BF7E9}.Debug|Any CPU.Build.0 = Debug|Any CPU
		{AE89ED7A-6850-4293-A0C5-6F90478BF7E9}.Release|Any CPU.ActiveCfg = Release|Any CPU
		{AE89ED7A-6850-4293-A0C5-6F90478BF7E9}.Release|Any CPU.Build.0 = Release|Any CPU
		{F7EB0C21-C816-49A9-9673-9C561F112748}.Debug|Any CPU.ActiveCfg = Debug|Any CPU
		{F7EB0C21-C816-49A9-9673-9C561F112748}.Debug|Any CPU.Build.0 = Debug|Any CPU
		{F7EB0C21-C816-49A9-9673-9C561F112748}.Release|Any CPU.ActiveCfg = Release|Any CPU
		{F7EB0C21-C816-49A9-9673-9C561F112748}.Release|Any CPU.Build.0 = Release|Any CPU
		{783E0401-10AA-4052-B288-69B6895AD3C1}.Debug|Any CPU.ActiveCfg = Debug|Any CPU
		{783E0401-10AA-4052-B288-69B6895AD3C1}.Debug|Any CPU.Build.0 = Debug|Any CPU
		{783E0401-10AA-4052-B288-69B6895AD3C1}.Release|Any CPU.ActiveCfg = Release|Any CPU
		{783E0401-10AA-4052-B288-69B6895AD3C1}.Release|Any CPU.Build.0 = Release|Any CPU
		{96E545AF-3D33-45D7-B60C-AF65283E3833}.Debug|Any CPU.ActiveCfg = Debug|Any CPU
		{96E545AF-3D33-45D7-B60C-AF65283E3833}.Debug|Any CPU.Build.0 = Debug|Any CPU
		{96E545AF-3D33-45D7-B60C-AF65283E3833}.Release|Any CPU.ActiveCfg = Release|Any CPU
		{96E545AF-3D33-45D7-B60C-AF65283E3833}.Release|Any CPU.Build.0 = Release|Any CPU
	EndGlobalSection
	GlobalSection(SolutionProperties) = preSolution
		HideSolutionNode = FALSE
	EndGlobalSection
	GlobalSection(NestedProjects) = preSolution
		{5CCA0863-BE75-4B7B-8299-DAA0C411ED62} = {E4C09F0A-34CB-4BCC-BA9D-477140BCED03}
		{159DB163-939B-4152-99A2-AE4D557DE6C9} = {E4C09F0A-34CB-4BCC-BA9D-477140BCED03}
		{F3E05682-D18C-41DA-A4CB-D8B8D3776E25} = {E4C09F0A-34CB-4BCC-BA9D-477140BCED03}
		{B4A16CB7-8D06-4A0A-A24D-7EE7BB2D5DD0} = {E4C09F0A-34CB-4BCC-BA9D-477140BCED03}
		{BBEF78AF-E95E-4A11-8A51-3C94804DDA8D} = {F3E05682-D18C-41DA-A4CB-D8B8D3776E25}
		{279FCA45-67AC-4F16-A6E8-0A2E2729A714} = {F3E05682-D18C-41DA-A4CB-D8B8D3776E25}
		{0F41BE9C-680C-4634-8568-BA5A518789CA} = {B4A16CB7-8D06-4A0A-A24D-7EE7BB2D5DD0}
		{1C5030CA-3710-40AD-A32D-A7A9785CAE79} = {B4A16CB7-8D06-4A0A-A24D-7EE7BB2D5DD0}
		{F6436AA0-AD94-4E75-9D1D-31C6E374C650} = {B4A16CB7-8D06-4A0A-A24D-7EE7BB2D5DD0}
		{1FCA7366-2EB3-49F0-9CDA-F75BE272A85F} = {B4A16CB7-8D06-4A0A-A24D-7EE7BB2D5DD0}
		{AE89ED7A-6850-4293-A0C5-6F90478BF7E9} = {E4C09F0A-34CB-4BCC-BA9D-477140BCED03}
		{F7EB0C21-C816-49A9-9673-9C561F112748} = {F3E05682-D18C-41DA-A4CB-D8B8D3776E25}
		{783E0401-10AA-4052-B288-69B6895AD3C1} = {F3E05682-D18C-41DA-A4CB-D8B8D3776E25}
	EndGlobalSection
EndGlobal
